
Microsoft Visual Studio Solution File, Format Version 12.00
# Visual Studio 2012
Project("{F184B08F-C81C-45F6-A57F-5ABD9991F28F}") = "Vgprs", "Vgprs\Vgprs.vbproj", "{DE2E7A55-36F9-4218-B224-D779279F7B8C}"
EndProject
Global
	GlobalSection(SolutionConfigurationPlatforms) = preSolution
		Debug|Any CPU = Debug|Any CPU
		Release|Any CPU = Release|Any CPU
	EndGlobalSection
	GlobalSection(ProjectConfigurationPlatforms) = postSolution
		{DE2E7A55-36F9-4218-B224-D779279F7B8C}.Debug|Any CPU.ActiveCfg = Debug|Any CPU
		{DE2E7A55-36F9-4218-B224-D779279F7B8C}.Debug|Any CPU.Build.0 = Debug|Any CPU
		{DE2E7A55-36F9-4218-B224-D779279F7B8C}.Debug|Any CPU.Deploy.0 = Debug|Any CPU
		{DE2E7A55-36F9-4218-B224-D779279F7B8C}.Release|Any CPU.ActiveCfg = Release|Any CPU
		{DE2E7A55-36F9-4218-B224-D779279F7B8C}.Release|Any CPU.Build.0 = Release|Any CPU
	EndGlobalSection
	GlobalSection(SolutionProperties) = preSolution
		HideSolutionNode = FALSE
	EndGlobalSection
EndGlobal
